
Microsoft Visual Studio Solution File, Format Version 12.00
# Visual Studio Version 17
VisualStudioVersion = 17.4.33205.214
MinimumVisualStudioVersion = 10.0.40219.1
Project("{FAE04EC0-301F-11D3-BF4B-00C04F79EFBC}") = "Login_Calculator", "Login_Calculator.csproj", "{8093F8DA-C1F7-46DC-B86F-38A5DF0CC66F}"
EndProject
Global
	GlobalSection(SolutionConfigurationPlatforms) = preSolution
		Debug|Any CPU = Debug|Any CPU
		Release|Any CPU = Release|Any CPU
	EndGlobalSection
	GlobalSection(ProjectConfigurationPlatforms) = postSolution
		{8093F8DA-C1F7-46DC-B86F-38A5DF0CC66F}.Debug|Any CPU.ActiveCfg = Debug|Any CPU
		{8093F8DA-C1F7-46DC-B86F-38A5DF0CC66F}.Debug|Any CPU.Build.0 = Debug|Any CPU
		{8093F8DA-C1F7-46DC-B86F-38A5DF0CC66F}.Release|Any CPU.ActiveCfg = Release|Any CPU
		{8093F8DA-C1F7-46DC-B86F-38A5DF0CC66F}.Release|Any CPU.Build.0 = Release|Any CPU
	EndGlobalSection
	GlobalSection(SolutionProperties) = preSolution
		HideSolutionNode = FALSE
	EndGlobalSection
	GlobalSection(ExtensibilityGlobals) = postSolution
		SolutionGuid = {D7EB0664-53A9-4565-A942-9CCEB4D40C37}
	EndGlobalSection
EndGlobal
